{
  "pins" : [
    {
      "identity" : "combine-schedulers",
      "kind" : "remoteSourceControl",
      "location" : "https://github.com/pointfreeco/combine-schedulers",
      "state" : {
        "revision" : "882ac01eb7ef9e36d4467eb4b1151e74fcef85ab",
        "version" : "0.9.1"
      }
    },
    {
      "identity" : "dswaveformimage",
      "kind" : "remoteSourceControl",
      "location" : "https://github.com/dmrschmidt/DSWaveformImage",
      "state" : {
        "revision" : "5814189fe74e7c2f76f07d941139c0758ea5b304",
        "version" : "11.0.1"
      }
    },
    {
      "identity" : "dynamiccolor",
      "kind" : "remoteSourceControl",
      "location" : "https://github.com/yannickl/DynamicColor",
      "state" : {
        "revision" : "d9beca13ca85baa50ee29832d0db5129fba69630",
        "version" : "5.0.1"
      }
    },
    {
      "identity" : "keyboardkit",
      "kind" : "remoteSourceControl",
      "location" : "https://github.com/KeyboardKit/KeyboardKit.git",
      "state" : {
        "revision" : "52c2af514d0e1fda9e2ed88bd1feac516e58ab92",
        "version" : "6.7.3"
      }
    },
    {
      "identity" : "swift-case-paths",
      "kind" : "remoteSourceControl",
      "location" : "https://github.com/pointfreeco/swift-case-paths",
      "state" : {
        "revision" : "bb436421f57269fbcfe7360735985321585a86e5",
        "version" : "0.10.1"
      }
    },
    {
      "identity" : "swift-clocks",
      "kind" : "remoteSourceControl",
      "location" : "https://github.com/pointfreeco/swift-clocks",
      "state" : {
        "revision" : "20b25ca0dd88ebfb9111ec937814ddc5a8880172",
        "version" : "0.2.0"
      }
    },
    {
      "identity" : "swift-collections",
      "kind" : "remoteSourceControl",
      "location" : "https://github.com/apple/swift-collections",
      "state" : {
        "revision" : "937e904258d22af6e447a0b72c0bc67583ef64a2",
        "version" : "1.0.4"
      }
    },
    {
      "identity" : "swift-composable-architecture",
      "kind" : "remoteSourceControl",
      "location" : "https://github.com/pointfreeco/swift-composable-architecture.git",
      "state" : {
        "revision" : "c9259b5f74892690cb04a9a8088b4a1789b05a7d",
        "version" : "0.47.2"
      }
    },
    {
      "identity" : "swift-custom-dump",
      "kind" : "remoteSourceControl",
      "location" : "https://github.com/pointfreeco/swift-custom-dump",
      "state" : {
        "revision" : "ead7d30cc224c3642c150b546f4f1080d1c411a8",
        "version" : "0.6.1"
      }
    },
    {
      "identity" : "swift-identified-collections",
      "kind" : "remoteSourceControl",
      "location" : "https://github.com/pointfreeco/swift-identified-collections",
      "state" : {
        "revision" : "a08887de589e3829d488e0b4b707b2ca804b1060",
        "version" : "0.5.0"
      }
    },
    {
      "identity" : "swiftui-navigation",
      "kind" : "remoteSourceControl",
      "location" : "https://github.com/pointfreeco/swiftui-navigation",
      "state" : {
        "revision" : "46acf5ecc1cabdb28d7fe03289f6c8b13a023f52",
        "version" : "0.4.5"
      }
    },
    {
      "identity" : "xctest-dynamic-overlay",
      "kind" : "remoteSourceControl",
      "location" : "https://github.com/pointfreeco/xctest-dynamic-overlay",
      "state" : {
        "revision" : "df16fe6ffe4d6e2e06761aa67716b808b2c9109e",
        "version" : "0.7.0"
      }
    }
  ],
  "version" : 2
}
